// !$*UTF8*$!
{
	archiveVersion = 1;
	classes = {
	};
	objectVersion = 50;
	objects = {

/* Begin PBXBuildFile section */
		853D9489229A8EF100C87D10 /* AppDelegate.swift in Sources */ = {isa = PBXBuildFile; fileRef = 853D9488229A8EF100C87D10 /* AppDelegate.swift */; };
		853D948B229A8EF100C87D10 /* ViewController.swift in Sources */ = {isa = PBXBuildFile; fileRef = 853D948A229A8EF100C87D10 /* ViewController.swift */; };
		853D948E229A8EF100C87D10 /* Main.storyboard in Resources */ = {isa = PBXBuildFile; fileRef = 853D948C229A8EF100C87D10 /* Main.storyboard */; };
		853D9490229A8EF200C87D10 /* Assets.xcassets in Resources */ = {isa = PBXBuildFile; fileRef = 853D948F229A8EF200C87D10 /* Assets.xcassets */; };
		853D9493229A8EF200C87D10 /* LaunchScreen.storyboard in Resources */ = {isa = PBXBuildFile; fileRef = 853D9491229A8EF200C87D10 /* LaunchScreen.storyboard */; };
		853D949E229A8EF200C87D10 /* SwiftRakuTests.swift in Sources */ = {isa = PBXBuildFile; fileRef = 853D949D229A8EF200C87D10 /* SwiftRakuTests.swift */; };
		853D94A9229A8EF200C87D10 /* SwiftRakuUITests.swift in Sources */ = {isa = PBXBuildFile; fileRef = 853D94A8229A8EF200C87D10 /* SwiftRakuUITests.swift */; };
/* End PBXBuildFile section */

/* Begin PBXContainerItemProxy section */
		853D949A229A8EF200C87D10 /* PBXContainerItemProxy */ = {
			isa = PBXContainerItemProxy;
			containerPortal = 853D947D229A8EF100C87D10 /* Project object */;
			proxyType = 1;
			remoteGlobalIDString = 853D9484229A8EF100C87D10;
			remoteInfo = SwiftRaku;
		};
		853D94A5229A8EF200C87D10 /* PBXContainerItemProxy */ = {
			isa = PBXContainerItemProxy;
			containerPortal = 853D947D229A8EF100C87D10 /* Project object */;
			proxyType = 1;
			remoteGlobalIDString = 853D9484229A8EF100C87D10;
			remoteInfo = SwiftRaku;
		};
/* End PBXContainerItemProxy section */

/* Begin PBXFileReference section */
		853D9485229A8EF100C87D10 /* SwiftRaku.app */ = {isa = PBXFileReference; explicitFileType = wrapper.application; includeInIndex = 0; path = SwiftRaku.app; sourceTree = BUILT_PRODUCTS_DIR; };
		853D9488229A8EF100C87D10 /* AppDelegate.swift */ = {isa = PBXFileReference; lastKnownFileType = sourcecode.swift; path = AppDelegate.swift; sourceTree = "<group>"; };
		853D948A229A8EF100C87D10 /* ViewController.swift */ = {isa = PBXFileReference; lastKnownFileType = sourcecode.swift; path = ViewController.swift; sourceTree = "<group>"; };
		853D948D229A8EF100C87D10 /* Base */ = {isa = PBXFileReference; lastKnownFileType = file.storyboard; name = Base; path = Base.lproj/Main.storyboard; sourceTree = "<group>"; };
		853D948F229A8EF200C87D10 /* Assets.xcassets */ = {isa = PBXFileReference; lastKnownFileType = folder.assetcatalog; path = Assets.xcassets; sourceTree = "<group>"; };
		853D9492229A8EF200C87D10 /* Base */ = {isa = PBXFileReference; lastKnownFileType = file.storyboard; name = Base; path = Base.lproj/LaunchScreen.storyboard; sourceTree = "<group>"; };
		853D9494229A8EF200C87D10 /* Info.plist */ = {isa = PBXFileReference; lastKnownFileType = text.plist.xml; path = Info.plist; sourceTree = "<group>"; };
		853D9499229A8EF200C87D10 /* SwiftRakuTests.xctest */ = {isa = PBXFileReference; explicitFileType = wrapper.cfbundle; includeInIndex = 0; path = SwiftRakuTests.xctest; sourceTree = BUILT_PRODUCTS_DIR; };
		853D949D229A8EF200C87D10 /* SwiftRakuTests.swift */ = {isa = PBXFileReference; lastKnownFileType = sourcecode.swift; path = SwiftRakuTests.swift; sourceTree = "<group>"; };
		853D949F229A8EF200C87D10 /* Info.plist */ = {isa = PBXFileReference; lastKnownFileType = text.plist.xml; path = Info.plist; sourceTree = "<group>"; };
		853D94A4229A8EF200C87D10 /* SwiftRakuUITests.xctest */ = {isa = PBXFileReference; explicitFileType = wrapper.cfbundle; includeInIndex = 0; path = SwiftRakuUITests.xctest; sourceTree = BUILT_PRODUCTS_DIR; };
		853D94A8229A8EF200C87D10 /* SwiftRakuUITests.swift */ = {isa = PBXFileReference; lastKnownFileType = sourcecode.swift; path = SwiftRakuUITests.swift; sourceTree = "<group>"; };
		853D94AA229A8EF200C87D10 /* Info.plist */ = {isa = PBXFileReference; lastKnownFileType = text.plist.xml; path = Info.plist; sourceTree = "<group>"; };
/* End PBXFileReference section */

/* Begin PBXFrameworksBuildPhase section */
		853D9482229A8EF100C87D10 /* Frameworks */ = {
			isa = PBXFrameworksBuildPhase;
			buildActionMask = 2147483647;
			files = (
			);
			runOnlyForDeploymentPostprocessing = 0;
		};
		853D9496229A8EF200C87D10 /* Frameworks */ = {
			isa = PBXFrameworksBuildPhase;
			buildActionMask = 2147483647;
			files = (
			);
			runOnlyForDeploymentPostprocessing = 0;
		};
		853D94A1229A8EF200C87D10 /* Frameworks */ = {
			isa = PBXFrameworksBuildPhase;
			buildActionMask = 2147483647;
			files = (
			);
			runOnlyForDeploymentPostprocessing = 0;
		};
/* End PBXFrameworksBuildPhase section */

/* Begin PBXGroup section */
		853D947C229A8EF100C87D10 = {
			isa = PBXGroup;
			children = (
				853D9487229A8EF100C87D10 /* SwiftRaku */,
				853D949C229A8EF200C87D10 /* SwiftRakuTests */,
				853D94A7229A8EF200C87D10 /* SwiftRakuUITests */,
				853D9486229A8EF100C87D10 /* Products */,
			);
			sourceTree = "<group>";
		};
		853D9486229A8EF100C87D10 /* Products */ = {
			isa = PBXGroup;
			children = (
				853D9485229A8EF100C87D10 /* SwiftRaku.app */,
				853D9499229A8EF200C87D10 /* SwiftRakuTests.xctest */,
				853D94A4229A8EF200C87D10 /* SwiftRakuUITests.xctest */,
			);
			name = Products;
			sourceTree = "<group>";
		};
		853D9487229A8EF100C87D10 /* SwiftRaku */ = {
			isa = PBXGroup;
			children = (
				853D9488229A8EF100C87D10 /* AppDelegate.swift */,
				853D948A229A8EF100C87D10 /* ViewController.swift */,
				853D948C229A8EF100C87D10 /* Main.storyboard */,
				853D948F229A8EF200C87D10 /* Assets.xcassets */,
				853D9491229A8EF200C87D10 /* LaunchScreen.storyboard */,
				853D9494229A8EF200C87D10 /* Info.plist */,
			);
			path = SwiftRaku;
			sourceTree = "<group>";
		};
		853D949C229A8EF200C87D10 /* SwiftRakuTests */ = {
			isa = PBXGroup;
			children = (
				853D949D229A8EF200C87D10 /* SwiftRakuTests.swift */,
				853D949F229A8EF200C87D10 /* Info.plist */,
			);
			path = SwiftRakuTests;
			sourceTree = "<group>";
		};
		853D94A7229A8EF200C87D10 /* SwiftRakuUITests */ = {
			isa = PBXGroup;
			children = (
				853D94A8229A8EF200C87D10 /* SwiftRakuUITests.swift */,
				853D94AA229A8EF200C87D10 /* Info.plist */,
			);
			path = SwiftRakuUITests;
			sourceTree = "<group>";
		};
/* End PBXGroup section */

/* Begin PBXNativeTarget section */
		853D9484229A8EF100C87D10 /* SwiftRaku */ = {
			isa = PBXNativeTarget;
			buildConfigurationList = 853D94AD229A8EF200C87D10 /* Build configuration list for PBXNativeTarget "SwiftRaku" */;
			buildPhases = (
				853D9481229A8EF100C87D10 /* Sources */,
				853D9482229A8EF100C87D10 /* Frameworks */,
				853D9483229A8EF100C87D10 /* Resources */,
			);
			buildRules = (
			);
			dependencies = (
			);
			name = SwiftRaku;
			productName = SwiftRaku;
			productReference = 853D9485229A8EF100C87D10 /* SwiftRaku.app */;
			productType = "com.apple.product-type.application";
		};
		853D9498229A8EF200C87D10 /* SwiftRakuTests */ = {
			isa = PBXNativeTarget;
			buildConfigurationList = 853D94B0229A8EF200C87D10 /* Build configuration list for PBXNativeTarget "SwiftRakuTests" */;
			buildPhases = (
				853D9495229A8EF200C87D10 /* Sources */,
				853D9496229A8EF200C87D10 /* Frameworks */,
				853D9497229A8EF200C87D10 /* Resources */,
			);
			buildRules = (
			);
			dependencies = (
				853D949B229A8EF200C87D10 /* PBXTargetDependency */,
			);
			name = SwiftRakuTests;
			productName = SwiftRakuTests;
			productReference = 853D9499229A8EF200C87D10 /* SwiftRakuTests.xctest */;
			productType = "com.apple.product-type.bundle.unit-test";
		};
		853D94A3229A8EF200C87D10 /* SwiftRakuUITests */ = {
			isa = PBXNativeTarget;
			buildConfigurationList = 853D94B3229A8EF200C87D10 /* Build configuration list for PBXNativeTarget "SwiftRakuUITests" */;
			buildPhases = (
				853D94A0229A8EF200C87D10 /* Sources */,
				853D94A1229A8EF200C87D10 /* Frameworks */,
				853D94A2229A8EF200C87D10 /* Resources */,
			);
			buildRules = (
			);
			dependencies = (
				853D94A6229A8EF200C87D10 /* PBXTargetDependency */,
			);
			name = SwiftRakuUITests;
			productName = SwiftRakuUITests;
			productReference = 853D94A4229A8EF200C87D10 /* SwiftRakuUITests.xctest */;
			productType = "com.apple.product-type.bundle.ui-testing";
		};
/* End PBXNativeTarget section */

/* Begin PBXProject section */
		853D947D229A8EF100C87D10 /* Project object */ = {
			isa = PBXProject;
			attributes = {
				LastSwiftUpdateCheck = 1020;
				LastUpgradeCheck = 1020;
				ORGANIZATIONNAME = Edmond;
				TargetAttributes = {
					853D9484229A8EF100C87D10 = {
						CreatedOnToolsVersion = 10.2.1;
					};
					853D9498229A8EF200C87D10 = {
						CreatedOnToolsVersion = 10.2.1;
						TestTargetID = 853D9484229A8EF100C87D10;
					};
					853D94A3229A8EF200C87D10 = {
						CreatedOnToolsVersion = 10.2.1;
						TestTargetID = 853D9484229A8EF100C87D10;
					};
				};
			};
			buildConfigurationList = 853D9480229A8EF100C87D10 /* Build configuration list for PBXProject "SwiftRaku" */;
			compatibilityVersion = "Xcode 9.3";
			developmentRegion = en;
			hasScannedForEncodings = 0;
			knownRegions = (
				en,
				Base,
			);
			mainGroup = 853D947C229A8EF100C87D10;
			productRefGroup = 853D9486229A8EF100C87D10 /* Products */;
			projectDirPath = "";
			projectRoot = "";
			targets = (
				853D9484229A8EF100C87D10 /* SwiftRaku */,
				853D9498229A8EF200C87D10 /* SwiftRakuTests */,
				853D94A3229A8EF200C87D10 /* SwiftRakuUITests */,
			);
		};
/* End PBXProject section */

/* Begin PBXResourcesBuildPhase section */
		853D9483229A8EF100C87D10 /* Resources */ = {
			isa = PBXResourcesBuildPhase;
			buildActionMask = 2147483647;
			files = (
				853D9493229A8EF200C87D10 /* LaunchScreen.storyboard in Resources */,
				853D9490229A8EF200C87D10 /* Assets.xcassets in Resources */,
				853D948E229A8EF100C87D10 /* Main.storyboard in Resources */,
			);
			runOnlyForDeploymentPostprocessing = 0;
		};
		853D9497229A8EF200C87D10 /* Resources */ = {
			isa = PBXResourcesBuildPhase;
			buildActionMask = 2147483647;
			files = (
			);
			runOnlyForDeploymentPostprocessing = 0;
		};
		853D94A2229A8EF200C87D10 /* Resources */ = {
			isa = PBXResourcesBuildPhase;
			buildActionMask = 2147483647;
			files = (
			);
			runOnlyForDeploymentPostprocessing = 0;
		};
/* End PBXResourcesBuildPhase section */

/* Begin PBXSourcesBuildPhase section */
		853D9481229A8EF100C87D10 /* Sources */ = {
			isa = PBXSourcesBuildPhase;
			buildActionMask = 2147483647;
			files = (
				853D948B229A8EF100C87D10 /* ViewController.swift in Sources */,
				853D9489229A8EF100C87D10 /* AppDelegate.swift in Sources */,
			);
			runOnlyForDeploymentPostprocessing = 0;
		};
		853D9495229A8EF200C87D10 /* Sources */ = {
			isa = PBXSourcesBuildPhase;
			buildActionMask = 2147483647;
			files = (
				853D949E229A8EF200C87D10 /* SwiftRakuTests.swift in Sources */,
			);
			runOnlyForDeploymentPostprocessing = 0;
		};
		853D94A0229A8EF200C87D10 /* Sources */ = {
			isa = PBXSourcesBuildPhase;
			buildActionMask = 2147483647;
			files = (
				853D94A9229A8EF200C87D10 /* SwiftRakuUITests.swift in Sources */,
			);
			runOnlyForDeploymentPostprocessing = 0;
		};
/* End PBXSourcesBuildPhase section */

/* Begin PBXTargetDependency section */
		853D949B229A8EF200C87D10 /* PBXTargetDependency */ = {
			isa = PBXTargetDependency;
			target = 853D9484229A8EF100C87D10 /* SwiftRaku */;
			targetProxy = 853D949A229A8EF200C87D10 /* PBXContainerItemProxy */;
		};
		853D94A6229A8EF200C87D10 /* PBXTargetDependency */ = {
			isa = PBXTargetDependency;
			target = 853D9484229A8EF100C87D10 /* SwiftRaku */;
			targetProxy = 853D94A5229A8EF200C87D10 /* PBXContainerItemProxy */;
		};
/* End PBXTargetDependency section */

/* Begin PBXVariantGroup section */
		853D948C229A8EF100C87D10 /* Main.storyboard */ = {
			isa = PBXVariantGroup;
			children = (
				853D948D229A8EF100C87D10 /* Base */,
			);
			name = Main.storyboard;
			sourceTree = "<group>";
		};
		853D9491229A8EF200C87D10 /* LaunchScreen.storyboard */ = {
			isa = PBXVariantGroup;
			children = (
				853D9492229A8EF200C87D10 /* Base */,
			);
			name = LaunchScreen.storyboard;
			sourceTree = "<group>";
		};
/* End PBXVariantGroup section */

/* Begin XCBuildConfiguration section */
		853D94AB229A8EF200C87D10 /* Debug */ = {
			isa = XCBuildConfiguration;
			buildSettings = {
				ALWAYS_SEARCH_USER_PATHS = NO;
				CLANG_ANALYZER_NONNULL = YES;
				CLANG_ANALYZER_NUMBER_OBJECT_CONVERSION = YES_AGGRESSIVE;
				CLANG_CXX_LANGUAGE_STANDARD = "gnu++14";
				CLANG_CXX_LIBRARY = "libc++";
				CLANG_ENABLE_MODULES = YES;
				CLANG_ENABLE_OBJC_ARC = YES;
				CLANG_ENABLE_OBJC_WEAK = YES;
				CLANG_WARN_BLOCK_CAPTURE_AUTORELEASING = YES;
				CLANG_WARN_BOOL_CONVERSION = YES;
				CLANG_WARN_COMMA = YES;
				CLANG_WARN_CONSTANT_CONVERSION = YES;
				CLANG_WARN_DEPRECATED_OBJC_IMPLEMENTATIONS = YES;
				CLANG_WARN_DIRECT_OBJC_ISA_USAGE = YES_ERROR;
				CLANG_WARN_DOCUMENTATION_COMMENTS = YES;
				CLANG_WARN_EMPTY_BODY = YES;
				CLANG_WARN_ENUM_CONVERSION = YES;
				CLANG_WARN_INFINITE_RECURSION = YES;
				CLANG_WARN_INT_CONVERSION = YES;
				CLANG_WARN_NON_LITERAL_NULL_CONVERSION = YES;
				CLANG_WARN_OBJC_IMPLICIT_RETAIN_SELF = YES;
				CLANG_WARN_OBJC_LITERAL_CONVERSION = YES;
				CLANG_WARN_OBJC_ROOT_CLASS = YES_ERROR;
				CLANG_WARN_RANGE_LOOP_ANALYSIS = YES;
				CLANG_WARN_STRICT_PROTOTYPES = YES;
				CLANG_WARN_SUSPICIOUS_MOVE = YES;
				CLANG_WARN_UNGUARDED_AVAILABILITY = YES_AGGRESSIVE;
				CLANG_WARN_UNREACHABLE_CODE = YES;
				CLANG_WARN__DUPLICATE_METHOD_MATCH = YES;
				CODE_SIGN_IDENTITY = "iPhone Developer";
				COPY_PHASE_STRIP = NO;
				DEBUG_INFORMATION_FORMAT = dwarf;
				ENABLE_STRICT_OBJC_MSGSEND = YES;
				ENABLE_TESTABILITY = YES;
				GCC_C_LANGUAGE_STANDARD = gnu11;
				GCC_DYNAMIC_NO_PIC = NO;
				GCC_NO_COMMON_BLOCKS = YES;
				GCC_OPTIMIZATION_LEVEL = 0;
				GCC_PREPROCESSOR_DEFINITIONS = (
					"DEBUG=1",
					"$(inherited)",
				);
				GCC_WARN_64_TO_32_BIT_CONVERSION = YES;
				GCC_WARN_ABOUT_RETURN_TYPE = YES_ERROR;
				GCC_WARN_UNDECLARED_SELECTOR = YES;
				GCC_WARN_UNINITIALIZED_AUTOS = YES_AGGRESSIVE;
				GCC_WARN_UNUSED_FUNCTION = YES;
				GCC_WARN_UNUSED_VARIABLE = YES;
				IPHONEOS_DEPLOYMENT_TARGET = 12.2;
				MTL_ENABLE_DEBUG_INFO = INCLUDE_SOURCE;
				MTL_FAST_MATH = YES;
				ONLY_ACTIVE_ARCH = YES;
				SDKROOT = iphoneos;
				SWIFT_ACTIVE_COMPILATION_CONDITIONS = DEBUG;
				SWIFT_OPTIMIZATION_LEVEL = "-Onone";
			};
			name = Debug;
		};
		853D94AC229A8EF200C87D10 /* Release */ = {
			isa = XCBuildConfiguration;
			buildSettings = {
				ALWAYS_SEARCH_USER_PATHS = NO;
				CLANG_ANALYZER_NONNULL = YES;
				CLANG_ANALYZER_NUMBER_OBJECT_CONVERSION = YES_AGGRESSIVE;
				CLANG_CXX_LANGUAGE_STANDARD = "gnu++14";
				CLANG_CXX_LIBRARY = "libc++";
				CLANG_ENABLE_MODULES = YES;
				CLANG_ENABLE_OBJC_ARC = YES;
				CLANG_ENABLE_OBJC_WEAK = YES;
				CLANG_WARN_BLOCK_CAPTURE_AUTORELEASING = YES;
				CLANG_WARN_BOOL_CONVERSION = YES;
				CLANG_WARN_COMMA = YES;
				CLANG_WARN_CONSTANT_CONVERSION = YES;
				CLANG_WARN_DEPRECATED_OBJC_IMPLEMENTATIONS = YES;
				CLANG_WARN_DIRECT_OBJC_ISA_USAGE = YES_ERROR;
				CLANG_WARN_DOCUMENTATION_COMMENTS = YES;
				CLANG_WARN_EMPTY_BODY = YES;
				CLANG_WARN_ENUM_CONVERSION = YES;
				CLANG_WARN_INFINITE_RECURSION = YES;
				CLANG_WARN_INT_CONVERSION = YES;
				CLANG_WARN_NON_LITERAL_NULL_CONVERSION = YES;
				CLANG_WARN_OBJC_IMPLICIT_RETAIN_SELF = YES;
				CLANG_WARN_OBJC_LITERAL_CONVERSION = YES;
				CLANG_WARN_OBJC_ROOT_CLASS = YES_ERROR;
				CLANG_WARN_RANGE_LOOP_ANALYSIS = YES;
				CLANG_WARN_STRICT_PROTOTYPES = YES;
				CLANG_WARN_SUSPICIOUS_MOVE = YES;
				CLANG_WARN_UNGUARDED_AVAILABILITY = YES_AGGRESSIVE;
				CLANG_WARN_UNREACHABLE_CODE = YES;
				CLANG_WARN__DUPLICATE_METHOD_MATCH = YES;
				CODE_SIGN_IDENTITY = "iPhone Developer";
				COPY_PHASE_STRIP = NO;
				DEBUG_INFORMATION_FORMAT = "dwarf-with-dsym";
				ENABLE_NS_ASSERTIONS = NO;
				ENABLE_STRICT_OBJC_MSGSEND = YES;
				GCC_C_LANGUAGE_STANDARD = gnu11;
				GCC_NO_COMMON_BLOCKS = YES;
				GCC_WARN_64_TO_32_BIT_CONVERSION = YES;
				GCC_WARN_ABOUT_RETURN_TYPE = YES_ERROR;
				GCC_WARN_UNDECLARED_SELECTOR = YES;
				GCC_WARN_UNINITIALIZED_AUTOS = YES_AGGRESSIVE;
				GCC_WARN_UNUSED_FUNCTION = YES;
				GCC_WARN_UNUSED_VARIABLE = YES;
				IPHONEOS_DEPLOYMENT_TARGET = 12.2;
				MTL_ENABLE_DEBUG_INFO = NO;
				MTL_FAST_MATH = YES;
				SDKROOT = iphoneos;
				SWIFT_COMPILATION_MODE = wholemodule;
				SWIFT_OPTIMIZATION_LEVEL = "-O";
				VALIDATE_PRODUCT = YES;
			};
			name = Release;
		};
		853D94AE229A8EF200C87D10 /* Debug */ = {
			isa = XCBuildConfiguration;
			buildSettings = {
				ASSETCATALOG_COMPILER_APPICON_NAME = AppIcon;
				CODE_SIGN_STYLE = Automatic;
				INFOPLIST_FILE = SwiftRaku/Info.plist;
				LD_RUNPATH_SEARCH_PATHS = (
					"$(inherited)",
					"@executable_path/Frameworks",
				);
				PRODUCT_BUNDLE_IDENTIFIER = com.edmondakpan.SwiftRaku;
				PRODUCT_NAME = "$(TARGET_NAME)";
				SWIFT_VERSION = 5.0;
				TARGETED_DEVICE_FAMILY = "1,2";
			};
			name = Debug;
		};
		853D94AF229A8EF200C87D10 /* Release */ = {
			isa = XCBuildConfiguration;
			buildSettings = {
				ASSETCATALOG_COMPILER_APPICON_NAME = AppIcon;
				CODE_SIGN_STYLE = Automatic;
				INFOPLIST_FILE = SwiftRaku/Info.plist;
				LD_RUNPATH_SEARCH_PATHS = (
					"$(inherited)",
					"@executable_path/Frameworks",
				);
				PRODUCT_BUNDLE_IDENTIFIER = com.edmondakpan.SwiftRaku;
				PRODUCT_NAME = "$(TARGET_NAME)";
				SWIFT_VERSION = 5.0;
				TARGETED_DEVICE_FAMILY = "1,2";
			};
			name = Release;
		};
		853D94B1229A8EF200C87D10 /* Debug */ = {
			isa = XCBuildConfiguration;
			buildSettings = {
				ALWAYS_EMBED_SWIFT_STANDARD_LIBRARIES = YES;
				BUNDLE_LOADER = "$(TEST_HOST)";
				CODE_SIGN_STYLE = Automatic;
				INFOPLIST_FILE = SwiftRakuTests/Info.plist;
				LD_RUNPATH_SEARCH_PATHS = (
					"$(inherited)",
					"@executable_path/Frameworks",
					"@loader_path/Frameworks",
				);
				PRODUCT_BUNDLE_IDENTIFIER = com.edmondakpan.SwiftRakuTests;
				PRODUCT_NAME = "$(TARGET_NAME)";
				SWIFT_VERSION = 5.0;
				TARGETED_DEVICE_FAMILY = "1,2";
				TEST_HOST = "$(BUILT_PRODUCTS_DIR)/SwiftRaku.app/SwiftRaku";
			};
			name = Debug;
		};
		853D94B2229A8EF200C87D10 /* Release */ = {
			isa = XCBuildConfiguration;
			buildSettings = {
				ALWAYS_EMBED_SWIFT_STANDARD_LIBRARIES = YES;
				BUNDLE_LOADER = "$(TEST_HOST)";
				CODE_SIGN_STYLE = Automatic;
				INFOPLIST_FILE = SwiftRakuTests/Info.plist;
				LD_RUNPATH_SEARCH_PATHS = (
					"$(inherited)",
					"@executable_path/Frameworks",
					"@loader_path/Frameworks",
				);
				PRODUCT_BUNDLE_IDENTIFIER = com.edmondakpan.SwiftRakuTests;
				PRODUCT_NAME = "$(TARGET_NAME)";
				SWIFT_VERSION = 5.0;
				TARGETED_DEVICE_FAMILY = "1,2";
				TEST_HOST = "$(BUILT_PRODUCTS_DIR)/SwiftRaku.app/SwiftRaku";
			};
			name = Release;
		};
		853D94B4229A8EF200C87D10 /* Debug */ = {
			isa = XCBuildConfiguration;
			buildSettings = {
				ALWAYS_EMBED_SWIFT_STANDARD_LIBRARIES = YES;
				CODE_SIGN_STYLE = Automatic;
				INFOPLIST_FILE = SwiftRakuUITests/Info.plist;
				LD_RUNPATH_SEARCH_PATHS = (
					"$(inherited)",
					"@executable_path/Frameworks",
					"@loader_path/Frameworks",
				);
				PRODUCT_BUNDLE_IDENTIFIER = com.edmondakpan.SwiftRakuUITests;
				PRODUCT_NAME = "$(TARGET_NAME)";
				SWIFT_VERSION = 5.0;
				TARGETED_DEVICE_FAMILY = "1,2";
				TEST_TARGET_NAME = SwiftRaku;
			};
			name = Debug;
		};
		853D94B5229A8EF200C87D10 /* Release */ = {
			isa = XCBuildConfiguration;
			buildSettings = {
				ALWAYS_EMBED_SWIFT_STANDARD_LIBRARIES = YES;
				CODE_SIGN_STYLE = Automatic;
				INFOPLIST_FILE = SwiftRakuUITests/Info.plist;
				LD_RUNPATH_SEARCH_PATHS = (
					"$(inherited)",
					"@executable_path/Frameworks",
					"@loader_path/Frameworks",
				);
				PRODUCT_BUNDLE_IDENTIFIER = com.edmondakpan.SwiftRakuUITests;
				PRODUCT_NAME = "$(TARGET_NAME)";
				SWIFT_VERSION = 5.0;
				TARGETED_DEVICE_FAMILY = "1,2";
				TEST_TARGET_NAME = SwiftRaku;
			};
			name = Release;
		};
/* End XCBuildConfiguration section */

/* Begin XCConfigurationList section */
		853D9480229A8EF100C87D10 /* Build configuration list for PBXProject "SwiftRaku" */ = {
			isa = XCConfigurationList;
			buildConfigurations = (
				853D94AB229A8EF200C87D10 /* Debug */,
				853D94AC229A8EF200C87D10 /* Release */,
			);
			defaultConfigurationIsVisible = 0;
			defaultConfigurationName = Release;
		};
		853D94AD229A8EF200C87D10 /* Build configuration list for PBXNativeTarget "SwiftRaku" */ = {
			isa = XCConfigurationList;
			buildConfigurations = (
				853D94AE229A8EF200C87D10 /* Debug */,
				853D94AF229A8EF200C87D10 /* Release */,
			);
			defaultConfigurationIsVisible = 0;
			defaultConfigurationName = Release;
		};
		853D94B0229A8EF200C87D10 /* Build configuration list for PBXNativeTarget "SwiftRakuTests" */ = {
			isa = XCConfigurationList;
			buildConfigurations = (
				853D94B1229A8EF200C87D10 /* Debug */,
				853D94B2229A8EF200C87D10 /* Release */,
			);
			defaultConfigurationIsVisible = 0;
			defaultConfigurationName = Release;
		};
		853D94B3229A8EF200C87D10 /* Build configuration list for PBXNativeTarget "SwiftRakuUITests" */ = {
			isa = XCConfigurationList;
			buildConfigurations = (
				853D94B4229A8EF200C87D10 /* Debug */,
				853D94B5229A8EF200C87D10 /* Release */,
			);
			defaultConfigurationIsVisible = 0;
			defaultConfigurationName = Release;
		};
/* End XCConfigurationList section */
	};
	rootObject = 853D947D229A8EF100C87D10 /* Project object */;
}
